apiVersion: vendir.k14s.io/v1alpha1
directories:
- contents:
  - githubRelease:
      tag: v1.5.1
      url: https://api.github.com/repos/kubernetes-sigs/gateway-api/releases/296866668
    path: gateway-api
  - githubRelease:
      tag: v0.17.1
      url: https://api.github.com/repos/buildpacks-community/kpack/releases/268763858
    path: kpack
  - helmChart:
      appVersion: ""
      version: 0.18.0
    path: korifi-chart
  - helmChart:
      appVersion: 1.33.2
      version: 0.3.0
    path: contour-chart
  path: module-data/vendor
- contents:
  - githubRelease:
      tag: v0.8.1
      url: https://api.github.com/repos/kubernetes-sigs/metrics-server/releases/281050386
    path: metrics-server-local
  - githubRelease:
      tag: 0.11.0
      url: https://api.github.com/repos/kyma-project/docker-registry/releases/279029250
    path: kyma-docker-registry
  - git:
      commitTitle: add release note for xds debug namespace auth fix...
      sha: 6991a379e1fcfbe21e64da2eda5d56624a5547b4
      tags:
      - 1.29.1
    path: istio
  - githubRelease:
      tag: 1.26.0
      url: https://api.github.com/repos/kyma-project/istio/releases/296676270
    path: istio-kyma
  - git:
      commitTitle: release v0.42.0
      sha: 7467a96307e5df1a8955deb559b0203871f6a03d
      tags:
      - v0.42.0
    path: oidc-webhook-authenticator
  - git:
      commitTitle: release v0.20.0
      sha: 9ddcea887e4ff7964875c8000d671ea7729a7106
      tags:
      - v0.20.0
    path: gardener-cert-manager
  path: tests/dependencies/vendor
kind: LockConfig
