apiVersion: vendir.k14s.io/v1alpha1
directories:
- contents:
  - githubRelease:
      tag: v1.4.0
      url: https://api.github.com/repos/kubernetes-sigs/gateway-api/releases/252387623
    path: gateway-api
  - githubRelease:
      tag: v0.17.0
      url: https://api.github.com/repos/buildpacks-community/kpack/releases/213128352
    path: kpack
  - helmChart:
      appVersion: ""
      version: 0.16.1
    path: korifi-chart
  path: module-data/vendor
- contents:
  - githubRelease:
      tag: v0.8.0
      url: https://api.github.com/repos/kubernetes-sigs/metrics-server/releases/229645413
    path: metrics-server-local
  - githubRelease:
      tag: 0.10.0
      url: https://api.github.com/repos/kyma-project/docker-registry/releases/247312117
    path: kyma-docker-registry
  - git:
      commitTitle: running update_deps.sh for RC.1 (#58129)
      sha: b8d1df54465060428c2a2a38286e360beb85fb31
      tags:
      - 1.28.0
    path: istio
  - githubRelease:
      tag: 1.23.0
      url: https://api.github.com/repos/kyma-project/istio/releases/259235362
    path: istio-kyma
  - git:
      commitTitle: release v0.38.0
      sha: 047d8e586af581778db388c9223ebd060496ef33
      tags:
      - v0.38.0
    path: oidc-webhook-authenticator
  - git:
      commitTitle: release v0.19.0
      sha: 51257c201dac9f091fcff4eb2f6addcb6d000a74
      tags:
      - v0.19.0
    path: gardener-cert-manager
  path: tests/dependencies/vendor
kind: LockConfig
