apiVersion: vendir.k14s.io/v1alpha1
directories:
- contents:
  - git:
      commitTitle: 'Automator: update proxy@release-1.27 in istio/istio@release-1.27
        (#57555)'
      sha: 4ac359928d0699a368218a600e8f68b4eccbd148
      tags:
      - 1.27.1
    path: istio
  - githubRelease:
      tag: 0.10.0
      url: https://api.github.com/repos/kyma-project/docker-registry/releases/247312117
    path: docker-registry
  path: tests/vendor
- contents:
  - githubRelease:
      tag: v1.3.0
      url: https://api.github.com/repos/kubernetes-sigs/gateway-api/releases/214381245
    path: gateway-api
  path: module-data/vendor
kind: LockConfig
