apiVersion: vendir.k14s.io/v1alpha1
directories:
- contents:
  - git:
      commitTitle: Handle deadlock between CNI startup and plugin (#56972) (#57297)...
      sha: 7359d8be2504f2b191f7d94156af08e6590d2d1c
      tags:
      - 1.27.0
    path: istio
  - githubRelease:
      tag: 0.8.0
      url: https://api.github.com/repos/kyma-project/docker-registry/releases/234139018
    path: docker-registry
  path: vendor
kind: LockConfig
